
Microsoft Visual Studio Solution File, Format Version 12.00
# Visual Studio Version 16
VisualStudioVersion = 16.0.29025.244
MinimumVisualStudioVersion = 10.0.40219.1
Project("{8BC9CEB8-8B4A-11D0-8D11-00A0C91BC942}") = "cfc395_hw3_q2", "cfc395_hw3_q2\cfc395_hw3_q2.vcxproj", "{374B68A6-20DC-4C76-9511-E21F60666841}"
EndProject
Global
	GlobalSection(SolutionConfigurationPlatforms) = preSolution
		Debug|x64 = Debug|x64
		Debug|x86 = Debug|x86
		Release|x64 = Release|x64
		Release|x86 = Release|x86
	EndGlobalSection
	GlobalSection(ProjectConfigurationPlatforms) = postSolution
		{374B68A6-20DC-4C76-9511-E21F60666841}.Debug|x64.ActiveCfg = Debug|x64
		{374B68A6-20DC-4C76-9511-E21F60666841}.Debug|x64.Build.0 = Debug|x64
		{374B68A6-20DC-4C76-9511-E21F60666841}.Debug|x86.ActiveCfg = Debug|Win32
		{374B68A6-20DC-4C76-9511-E21F60666841}.Debug|x86.Build.0 = Debug|Win32
		{374B68A6-20DC-4C76-9511-E21F60666841}.Release|x64.ActiveCfg = Release|x64
		{374B68A6-20DC-4C76-9511-E21F60666841}.Release|x64.Build.0 = Release|x64
		{374B68A6-20DC-4C76-9511-E21F60666841}.Release|x86.ActiveCfg = Release|Win32
		{374B68A6-20DC-4C76-9511-E21F60666841}.Release|x86.Build.0 = Release|Win32
	EndGlobalSection
	GlobalSection(SolutionProperties) = preSolution
		HideSolutionNode = FALSE
	EndGlobalSection
	GlobalSection(ExtensibilityGlobals) = postSolution
		SolutionGuid = {DB173412-2225-4453-AD6D-9270A9E6E0EA}
	EndGlobalSection
EndGlobal
